
Microsoft Visual Studio Solution File, Format Version 12.00
# Visual Studio Version 17
VisualStudioVersion = 17.0.31903.59
MinimumVisualStudioVersion = 10.0.40219.1
Project("{2150E333-8FDC-42A3-9474-1A3956D46DE8}") = "src", "src", "{17423B29-66C8-4C5D-B6A2-AE50C229537D}"
EndProject
Project("{2150E333-8FDC-42A3-9474-1A3956D46DE8}") = "services", "services", "{26F093C4-AC56-4104-AB07-35767B597684}"
EndProject
Project("{FAE04EC0-301F-11D3-BF4B-00C04F79EFBC}") = "Identity.API", "src\services\Identity.API\Identity.API.csproj", "{C0FE170F-C00C-4276-B212-B1E4E30BD417}"
EndProject
Global
	GlobalSection(SolutionConfigurationPlatforms) = preSolution
		Debug|Any CPU = Debug|Any CPU
		Release|Any CPU = Release|Any CPU
	EndGlobalSection
	GlobalSection(ProjectConfigurationPlatforms) = postSolution
		{C0FE170F-C00C-4276-B212-B1E4E30BD417}.Debug|Any CPU.ActiveCfg = Debug|Any CPU
		{C0FE170F-C00C-4276-B212-B1E4E30BD417}.Debug|Any CPU.Build.0 = Debug|Any CPU
		{C0FE170F-C00C-4276-B212-B1E4E30BD417}.Release|Any CPU.ActiveCfg = Release|Any CPU
		{C0FE170F-C00C-4276-B212-B1E4E30BD417}.Release|Any CPU.Build.0 = Release|Any CPU
	EndGlobalSection
	GlobalSection(SolutionProperties) = preSolution
		HideSolutionNode = FALSE
	EndGlobalSection
	GlobalSection(NestedProjects) = preSolution
		{26F093C4-AC56-4104-AB07-35767B597684} = {17423B29-66C8-4C5D-B6A2-AE50C229537D}
		{C0FE170F-C00C-4276-B212-B1E4E30BD417} = {26F093C4-AC56-4104-AB07-35767B597684}
	EndGlobalSection
EndGlobal
